<Solution>
  <Folder Name="/src/">
    <Project Path="src/OtpService.Api/OtpService.Api.csproj" />
    <Project Path="src/OtpService.Core/OtpService.Core.csproj" />
    <Project Path="src/OtpService.Delivery/OtpService.Delivery.csproj" />
    <Project Path="src/OtpService.Infrastructure/OtpService.Infrastructure.csproj" />
    <Project Path="src/OtpService.Ingestion/OtpService.Ingestion.csproj" />
    <Project Path="src/OtpService.MockMeta/OtpService.MockMeta.csproj" />
    <Project Path="src/OtpService.Providers/OtpService.Providers.csproj" />
  </Folder>
  <Folder Name="/tests/">
    <Project Path="tests/OtpService.IntegrationTests/OtpService.IntegrationTests.csproj" />
    <Project Path="tests/OtpService.UnitTests/OtpService.UnitTests.csproj" />
  </Folder>
  <Folder Name="/tools/">
    <Project Path="tools/OtpService.LoadTest/OtpService.LoadTest.csproj" />
  </Folder>
</Solution>
